{
	"name": "next-sanity-template",
	"version": "0.1.0",
	"lockfileVersion": 3,
	"requires": true,
	"packages": {
		"": {
			"name": "next-sanity-template",
			"version": "0.1.0",
			"dependencies": {
				"@next/third-parties": "^14.2.1",
				"@portabletext/react": "^3.0.18",
				"clsx": "^2.1.0",
				"next": "^14.2.1",
				"next-sanity": "^9.0.2",
				"next-sanity-image": "^6.1.1",
				"prettier-plugin-tailwindcss": "^0.5.13",
				"react": "^18",
				"react-device-detect": "^2.2.3",
				"react-dom": "^18",
				"react-icons": "^5.0.1",
				"tailwind-merge": "^2.2.2"
			},
			"devDependencies": {
				"@types/node": "^20.12.7",
				"@types/react": "^18.2.77",
				"@types/react-dom": "^18.2.25",
				"autoprefixer": "^10.4.19",
				"postcss": "^8.4.38",
				"prettier": "^3.2.5",
				"tailwindcss": "^3.4.3",
				"typescript": "^5.4.5"
			}
		},
		"node_modules/@alloc/quick-lru": {
			"version": "5.2.0",
			"dev": true,
			"license": "MIT",
			"engines": {
				"node": ">=10"
			},
			"funding": {
				"url": "https://github.com/sponsors/sindresorhus"
			}
		},
		"node_modules/@babel/runtime": {
			"version": "7.24.1",
			"license": "MIT",
			"dependencies": {
				"regenerator-runtime": "^0.14.0"
			},
			"engines": {
				"node": ">=6.9.0"
			}
		},
		"node_modules/@jridgewell/gen-mapping": {
			"version": "0.3.5",
			"dev": true,
			"license": "MIT",
			"dependencies": {
				"@jridgewell/set-array": "^1.2.1",
				"@jridgewell/sourcemap-codec": "^1.4.10",
				"@jridgewell/trace-mapping": "^0.3.24"
			},
			"engines": {
				"node": ">=6.0.0"
			}
		},
		"node_modules/@jridgewell/resolve-uri": {
			"version": "3.1.2",
			"dev": true,
			"license": "MIT",
			"engines": {
				"node": ">=6.0.0"
			}
		},
		"node_modules/@jridgewell/set-array": {
			"version": "1.2.1",
			"dev": true,
			"license": "MIT",
			"engines": {
				"node": ">=6.0.0"
			}
		},
		"node_modules/@jridgewell/sourcemap-codec": {
			"version": "1.4.15",
			"dev": true,
			"license": "MIT"
		},
		"node_modules/@jridgewell/trace-mapping": {
			"version": "0.3.25",
			"dev": true,
			"license": "MIT",
			"dependencies": {
				"@jridgewell/resolve-uri": "^3.1.0",
				"@jridgewell/sourcemap-codec": "^1.4.14"
			}
		},
		"node_modules/@next/env": {
			"version": "14.2.1",
			"resolved": "https://registry.npmjs.org/@next/env/-/env-14.2.1.tgz",
			"integrity": "sha512-qsHJle3GU3CmVx7pUoXcghX4sRN+vINkbLdH611T8ZlsP//grzqVW87BSUgOZeSAD4q7ZdZicdwNe/20U2janA=="
		},
		"node_modules/@next/swc-darwin-arm64": {
			"version": "14.2.1",
			"resolved": "https://registry.npmjs.org/@next/swc-darwin-arm64/-/swc-darwin-arm64-14.2.1.tgz",
			"integrity": "sha512-kGjnjcIJehEcd3rT/3NAATJQndAEELk0J9GmGMXHSC75TMnvpOhONcjNHbjtcWE5HUQnIHy5JVkatrnYm1QhVw==",
			"cpu": [
				"arm64"
			],
			"optional": true,
			"os": [
				"darwin"
			],
			"engines": {
				"node": ">= 10"
			}
		},
		"node_modules/@next/swc-darwin-x64": {
			"version": "14.2.1",
			"resolved": "https://registry.npmjs.org/@next/swc-darwin-x64/-/swc-darwin-x64-14.2.1.tgz",
			"integrity": "sha512-dAdWndgdQi7BK2WSXrx4lae7mYcOYjbHJUhvOUnJjMNYrmYhxbbvJ2xElZpxNxdfA6zkqagIB9He2tQk+l16ew==",
			"cpu": [
				"x64"
			],
			"optional": true,
			"os": [
				"darwin"
			],
			"engines": {
				"node": ">= 10"
			}
		},
		"node_modules/@next/swc-linux-arm64-gnu": {
			"version": "14.2.1",
			"resolved": "https://registry.npmjs.org/@next/swc-linux-arm64-gnu/-/swc-linux-arm64-gnu-14.2.1.tgz",
			"integrity": "sha512-2ZctfnyFOGvTkoD6L+DtQtO3BfFz4CapoHnyLTXkOxbZkVRgg3TQBUjTD/xKrO1QWeydeo8AWfZRg8539qNKrg==",
			"cpu": [
				"arm64"
			],
			"optional": true,
			"os": [
				"linux"
			],
			"engines": {
				"node": ">= 10"
			}
		},
		"node_modules/@next/swc-linux-arm64-musl": {
			"version": "14.2.1",
			"resolved": "https://registry.npmjs.org/@next/swc-linux-arm64-musl/-/swc-linux-arm64-musl-14.2.1.tgz",
			"integrity": "sha512-jazZXctiaanemy4r+TPIpFP36t1mMwWCKMsmrTRVChRqE6putyAxZA4PDujx0SnfvZHosjdkx9xIq9BzBB5tWg==",
			"cpu": [
				"arm64"
			],
			"optional": true,
			"os": [
				"linux"
			],
			"engines": {
				"node": ">= 10"
			}
		},
		"node_modules/@next/swc-linux-x64-gnu": {
			"version": "14.2.1",
			"resolved": "https://registry.npmjs.org/@next/swc-linux-x64-gnu/-/swc-linux-x64-gnu-14.2.1.tgz",
			"integrity": "sha512-VjCHWCjsAzQAAo8lkBOLEIkBZFdfW+Z18qcQ056kL4KpUYc8o59JhLDCBlhg+hINQRgzQ2UPGma2AURGOH0+Qg==",
			"cpu": [
				"x64"
			],
			"optional": true,
			"os": [
				"linux"
			],
			"engines": {
				"node": ">= 10"
			}
		},
		"node_modules/@next/swc-linux-x64-musl": {
			"version": "14.2.1",
			"resolved": "https://registry.npmjs.org/@next/swc-linux-x64-musl/-/swc-linux-x64-musl-14.2.1.tgz",
			"integrity": "sha512-7HZKYKvAp4nAHiHIbY04finRqjeYvkITOGOurP1aLMexIFG/1+oCnqhGogBdc4lao/lkMW1c+AkwWSzSlLasqw==",
			"cpu": [
				"x64"
			],
			"optional": true,
			"os": [
				"linux"
			],
			"engines": {
				"node": ">= 10"
			}
		},
		"node_modules/@next/swc-win32-arm64-msvc": {
			"version": "14.2.1",
			"resolved": "https://registry.npmjs.org/@next/swc-win32-arm64-msvc/-/swc-win32-arm64-msvc-14.2.1.tgz",
			"integrity": "sha512-YGHklaJ/Cj/F0Xd8jxgj2p8po4JTCi6H7Z3Yics3xJhm9CPIqtl8erlpK1CLv+HInDqEWfXilqatF8YsLxxA2Q==",
			"cpu": [
				"arm64"
			],
			"optional": true,
			"os": [
				"win32"
			],
			"engines": {
				"node": ">= 10"
			}
		},
		"node_modules/@next/swc-win32-ia32-msvc": {
			"version": "14.2.1",
			"resolved": "https://registry.npmjs.org/@next/swc-win32-ia32-msvc/-/swc-win32-ia32-msvc-14.2.1.tgz",
			"integrity": "sha512-o+ISKOlvU/L43ZhtAAfCjwIfcwuZstiHVXq/BDsZwGqQE0h/81td95MPHliWCnFoikzWcYqh+hz54ZB2FIT8RA==",
			"cpu": [
				"ia32"
			],
			"optional": true,
			"os": [
				"win32"
			],
			"engines": {
				"node": ">= 10"
			}
		},
		"node_modules/@next/swc-win32-x64-msvc": {
			"version": "14.2.1",
			"resolved": "https://registry.npmjs.org/@next/swc-win32-x64-msvc/-/swc-win32-x64-msvc-14.2.1.tgz",
			"integrity": "sha512-GmRoTiLcvCLifujlisknv4zu9/C4i9r0ktsA8E51EMqJL4bD4CpO7lDYr7SrUxCR0tS4RVcrqKmCak24T0ohaw==",
			"cpu": [
				"x64"
			],
			"optional": true,
			"os": [
				"win32"
			],
			"engines": {
				"node": ">= 10"
			}
		},
		"node_modules/@next/third-parties": {
			"version": "14.2.1",
			"resolved": "https://registry.npmjs.org/@next/third-parties/-/third-parties-14.2.1.tgz",
			"integrity": "sha512-iHVq3uHT1BLR4O8LXJ/AJeRCATnsxWNq5S223BYhrQMceMUr/5TtKIroQwJpXrbwxkOr7SFX72mZqPTXxd/TnQ==",
			"dependencies": {
				"third-party-capital": "1.0.20"
			},
			"peerDependencies": {
				"next": "^13.0.0 || ^14.0.0",
				"react": "^18.2.0"
			}
		},
		"node_modules/@nodelib/fs.scandir": {
			"version": "2.1.5",
			"dev": true,
			"license": "MIT",
			"dependencies": {
				"@nodelib/fs.stat": "2.0.5",
				"run-parallel": "^1.1.9"
			},
			"engines": {
				"node": ">= 8"
			}
		},
		"node_modules/@nodelib/fs.stat": {
			"version": "2.0.5",
			"dev": true,
			"license": "MIT",
			"engines": {
				"node": ">= 8"
			}
		},
		"node_modules/@nodelib/fs.walk": {
			"version": "1.2.8",
			"dev": true,
			"license": "MIT",
			"dependencies": {
				"@nodelib/fs.scandir": "2.1.5",
				"fastq": "^1.6.0"
			},
			"engines": {
				"node": ">= 8"
			}
		},
		"node_modules/@portabletext/react": {
			"version": "3.0.18",
			"resolved": "https://registry.npmjs.org/@portabletext/react/-/react-3.0.18.tgz",
			"integrity": "sha512-AsWiZin7GpA8RTTl9kmR5wiMj72Ynotjjw0bBgbmL0vOYp0jc8nNslJyPPMSMngSLzLa8+rPAg47+d9KtrzLVw==",
			"dependencies": {
				"@portabletext/toolkit": "^2.0.15",
				"@portabletext/types": "^2.0.13"
			},
			"engines": {
				"node": "^14.13.1 || >=16.0.0"
			},
			"peerDependencies": {
				"react": "^17 || ^18"
			}
		},
		"node_modules/@portabletext/toolkit": {
			"version": "2.0.15",
			"resolved": "https://registry.npmjs.org/@portabletext/toolkit/-/toolkit-2.0.15.tgz",
			"integrity": "sha512-KRNEUAd6eOxE9y591qC0sE24ZG2q27OHXe0dsPclj4IoEzf8aEuDcHR64wfFtB0aHq9Wdx3pIinmhZZcl35/vg==",
			"dependencies": {
				"@portabletext/types": "^2.0.13"
			},
			"engines": {
				"node": "^14.13.1 || >=16.0.0"
			}
		},
		"node_modules/@portabletext/types": {
			"version": "2.0.13",
			"resolved": "https://registry.npmjs.org/@portabletext/types/-/types-2.0.13.tgz",
			"integrity": "sha512-5xk5MSyQU9CrDho3Rsguj38jhijhD36Mk8S6mZo3huv6PM+t4M/5kJN2KFIxgvt4ONpvOEs1pVIZAV0cL0Vi+Q==",
			"engines": {
				"node": "^14.13.1 || >=16.0.0 || >=18.0.0"
			}
		},
		"node_modules/@sanity/client": {
			"version": "6.15.13",
			"resolved": "https://registry.npmjs.org/@sanity/client/-/client-6.15.13.tgz",
			"integrity": "sha512-1+BKnyRa7rTIAiVG/3xjiM6t+J6MW+px6oBwEEU/ZumGu7cpUTPQpiOTH/aLuUKbDtmRHq9lGmgpG0U7JrcUiw==",
			"dependencies": {
				"@sanity/eventsource": "^5.0.0",
				"@vercel/stega": "0.1.0",
				"get-it": "^8.4.21",
				"rxjs": "^7.0.0"
			},
			"engines": {
				"node": ">=14.18"
			}
		},
		"node_modules/@sanity/eventsource": {
			"version": "5.0.1",
			"license": "MIT",
			"dependencies": {
				"@types/event-source-polyfill": "1.0.2",
				"@types/eventsource": "1.1.12",
				"event-source-polyfill": "1.0.31",
				"eventsource": "2.0.2"
			}
		},
		"node_modules/@sanity/image-url": {
			"version": "1.0.2",
			"license": "MIT",
			"engines": {
				"node": ">=10.0.0"
			}
		},
		"node_modules/@sanity/preview-kit": {
			"version": "5.0.41",
			"resolved": "https://registry.npmjs.org/@sanity/preview-kit/-/preview-kit-5.0.41.tgz",
			"integrity": "sha512-Q5xeSK7vmlNkyqzuTFyiaDeeHGRxhS2WLtNPV6iElPfXrP6albnxyh0DL0ciBsa5WQJYcRBvBHYr9SQiWz4mmw==",
			"dependencies": {
				"@sanity/preview-kit-compat": "1.4.15",
				"@vercel/stega": "0.1.0",
				"lru-cache": "10.2.0",
				"mendoza": "3.0.6",
				"react-fast-compare": "3.2.2",
				"use-sync-external-store": "1.2.0"
			},
			"engines": {
				"node": ">=18"
			},
			"peerDependencies": {
				"@sanity/client": "^6.15.11",
				"react": "^18.0.0"
			},
			"peerDependenciesMeta": {
				"react": {
					"optional": true
				}
			}
		},
		"node_modules/@sanity/preview-kit-compat": {
			"version": "1.4.15",
			"resolved": "https://registry.npmjs.org/@sanity/preview-kit-compat/-/preview-kit-compat-1.4.15.tgz",
			"integrity": "sha512-wau2+T0Mqt9wK8QmY87aHjIvP5+HF7qme/hnbCUvC+ofLztdulr7KLSORwO28XlcBVBkmFFLgCwyYjnwBgUA8w==",
			"engines": {
				"node": ">=18"
			},
			"peerDependencies": {
				"@sanity/client": "^6.15.11",
				"react": "^18.2.0"
			}
		},
		"node_modules/@sanity/preview-url-secret": {
			"version": "1.6.7",
			"resolved": "https://registry.npmjs.org/@sanity/preview-url-secret/-/preview-url-secret-1.6.7.tgz",
			"integrity": "sha512-vlBz8iGdiR9CtXAdV+sdTrE8bIDhJvn/cHITY9ISY33kleOKY+QY0SGm4v3w9Plt0BZCLWpqlW90jsFC6IO4PA==",
			"dependencies": {
				"@sanity/uuid": "3.0.2"
			},
			"engines": {
				"node": ">=18"
			},
			"peerDependencies": {
				"@sanity/client": "^6.15.11"
			}
		},
		"node_modules/@sanity/uuid": {
			"version": "3.0.2",
			"license": "MIT",
			"dependencies": {
				"@types/uuid": "^8.0.0",
				"uuid": "^8.0.0"
			}
		},
		"node_modules/@sanity/visual-editing": {
			"version": "1.8.8",
			"resolved": "https://registry.npmjs.org/@sanity/visual-editing/-/visual-editing-1.8.8.tgz",
			"integrity": "sha512-CN7HfUHWpLUDgD+a4o3x7SWW2yn63Ni3Qj4V9ZXe8njRMJ4Tv/1IW0KBtQ9tNIXgS/D1QqaIeCbM7aZ2VrY6bA==",
			"dependencies": {
				"@sanity/preview-url-secret": "^1.6.7",
				"@vercel/stega": "0.1.0",
				"react": "^18.2.0",
				"react-dom": "^18.2.0",
				"react-is": "18.2.0",
				"scroll-into-view-if-needed": "^3.1.0",
				"valibot": "0.30.0"
			},
			"engines": {
				"node": ">=18"
			},
			"peerDependencies": {
				"@remix-run/react": ">= 2",
				"@sanity/client": "^6.15.11",
				"@sveltejs/kit": ">= 2",
				"next": ">= 13 || >=14.2.0-canary.0 <14.2.0",
				"svelte": ">= 4"
			},
			"peerDependenciesMeta": {
				"@remix-run/react": {
					"optional": true
				},
				"@sanity/client": {
					"optional": true
				},
				"@sveltejs/kit": {
					"optional": true
				},
				"next": {
					"optional": true
				},
				"svelte": {
					"optional": true
				}
			}
		},
		"node_modules/@sanity/webhook": {
			"version": "4.0.2-bc",
			"license": "MIT",
			"engines": {
				"node": ">=18.17"
			}
		},
		"node_modules/@swc/counter": {
			"version": "0.1.3",
			"resolved": "https://registry.npmjs.org/@swc/counter/-/counter-0.1.3.tgz",
			"integrity": "sha512-e2BR4lsJkkRlKZ/qCHPw9ZaSxc0MVUd7gtbtaB7aMvHeJVYe8sOB8DBZkP2DtISHGSku9sCK6T6cnY0CtXrOCQ=="
		},
		"node_modules/@swc/helpers": {
			"version": "0.5.5",
			"resolved": "https://registry.npmjs.org/@swc/helpers/-/helpers-0.5.5.tgz",
			"integrity": "sha512-KGYxvIOXcceOAbEk4bi/dVLEK9z8sZ0uBB3Il5b1rhfClSpcX0yfRO0KmTkqR2cnQDymwLB+25ZyMzICg/cm/A==",
			"dependencies": {
				"@swc/counter": "^0.1.3",
				"tslib": "^2.4.0"
			}
		},
		"node_modules/@types/event-source-polyfill": {
			"version": "1.0.2",
			"license": "MIT"
		},
		"node_modules/@types/eventsource": {
			"version": "1.1.12",
			"license": "MIT"
		},
		"node_modules/@types/node": {
			"version": "20.12.7",
			"resolved": "https://registry.npmjs.org/@types/node/-/node-20.12.7.tgz",
			"integrity": "sha512-wq0cICSkRLVaf3UGLMGItu/PtdY7oaXaI/RVU+xliKVOtRna3PRY57ZDfztpDL0n11vfymMUnXv8QwYCO7L1wg==",
			"dev": true,
			"dependencies": {
				"undici-types": "~5.26.4"
			}
		},
		"node_modules/@types/prop-types": {
			"version": "15.7.11",
			"dev": true,
			"license": "MIT"
		},
		"node_modules/@types/react": {
			"version": "18.2.77",
			"resolved": "https://registry.npmjs.org/@types/react/-/react-18.2.77.tgz",
			"integrity": "sha512-CUT9KUUF+HytDM7WiXKLF9qUSg4tGImwy4FXTlfEDPEkkNUzJ7rVFolYweJ9fS1ljoIaP7M7Rdjc5eUm/Yu5AA==",
			"dev": true,
			"dependencies": {
				"@types/prop-types": "*",
				"csstype": "^3.0.2"
			}
		},
		"node_modules/@types/react-dom": {
			"version": "18.2.25",
			"resolved": "https://registry.npmjs.org/@types/react-dom/-/react-dom-18.2.25.tgz",
			"integrity": "sha512-o/V48vf4MQh7juIKZU2QGDfli6p1+OOi5oXx36Hffpc9adsHeXjVp8rHuPkjd8VT8sOJ2Zp05HR7CdpGTIUFUA==",
			"dev": true,
			"dependencies": {
				"@types/react": "*"
			}
		},
		"node_modules/@types/uuid": {
			"version": "8.3.4",
			"license": "MIT"
		},
		"node_modules/@vercel/stega": {
			"version": "0.1.0",
			"license": "MPL-2.0"
		},
		"node_modules/any-promise": {
			"version": "1.3.0",
			"dev": true,
			"license": "MIT"
		},
		"node_modules/anymatch": {
			"version": "3.1.3",
			"dev": true,
			"license": "ISC",
			"dependencies": {
				"normalize-path": "^3.0.0",
				"picomatch": "^2.0.4"
			},
			"engines": {
				"node": ">= 8"
			}
		},
		"node_modules/arg": {
			"version": "5.0.2",
			"dev": true,
			"license": "MIT"
		},
		"node_modules/autoprefixer": {
			"version": "10.4.19",
			"dev": true,
			"funding": [
				{
					"type": "opencollective",
					"url": "https://opencollective.com/postcss/"
				},
				{
					"type": "tidelift",
					"url": "https://tidelift.com/funding/github/npm/autoprefixer"
				},
				{
					"type": "github",
					"url": "https://github.com/sponsors/ai"
				}
			],
			"license": "MIT",
			"dependencies": {
				"browserslist": "^4.23.0",
				"caniuse-lite": "^1.0.30001599",
				"fraction.js": "^4.3.7",
				"normalize-range": "^0.1.2",
				"picocolors": "^1.0.0",
				"postcss-value-parser": "^4.2.0"
			},
			"bin": {
				"autoprefixer": "bin/autoprefixer"
			},
			"engines": {
				"node": "^10 || ^12 || >=14"
			},
			"peerDependencies": {
				"postcss": "^8.1.0"
			}
		},
		"node_modules/balanced-match": {
			"version": "1.0.2",
			"dev": true,
			"license": "MIT"
		},
		"node_modules/binary-extensions": {
			"version": "2.2.0",
			"dev": true,
			"license": "MIT",
			"engines": {
				"node": ">=8"
			}
		},
		"node_modules/brace-expansion": {
			"version": "1.1.11",
			"dev": true,
			"license": "MIT",
			"dependencies": {
				"balanced-match": "^1.0.0",
				"concat-map": "0.0.1"
			}
		},
		"node_modules/braces": {
			"version": "3.0.2",
			"dev": true,
			"license": "MIT",
			"dependencies": {
				"fill-range": "^7.0.1"
			},
			"engines": {
				"node": ">=8"
			}
		},
		"node_modules/browserslist": {
			"version": "4.23.0",
			"dev": true,
			"funding": [
				{
					"type": "opencollective",
					"url": "https://opencollective.com/browserslist"
				},
				{
					"type": "tidelift",
					"url": "https://tidelift.com/funding/github/npm/browserslist"
				},
				{
					"type": "github",
					"url": "https://github.com/sponsors/ai"
				}
			],
			"license": "MIT",
			"dependencies": {
				"caniuse-lite": "^1.0.30001587",
				"electron-to-chromium": "^1.4.668",
				"node-releases": "^2.0.14",
				"update-browserslist-db": "^1.0.13"
			},
			"bin": {
				"browserslist": "cli.js"
			},
			"engines": {
				"node": "^6 || ^7 || ^8 || ^9 || ^10 || ^11 || ^12 || >=13.7"
			}
		},
		"node_modules/busboy": {
			"version": "1.6.0",
			"dependencies": {
				"streamsearch": "^1.1.0"
			},
			"engines": {
				"node": ">=10.16.0"
			}
		},
		"node_modules/camelcase-css": {
			"version": "2.0.1",
			"dev": true,
			"license": "MIT",
			"engines": {
				"node": ">= 6"
			}
		},
		"node_modules/caniuse-lite": {
			"version": "1.0.30001600",
			"funding": [
				{
					"type": "opencollective",
					"url": "https://opencollective.com/browserslist"
				},
				{
					"type": "tidelift",
					"url": "https://tidelift.com/funding/github/npm/caniuse-lite"
				},
				{
					"type": "github",
					"url": "https://github.com/sponsors/ai"
				}
			],
			"license": "CC-BY-4.0"
		},
		"node_modules/chokidar": {
			"version": "3.5.3",
			"dev": true,
			"funding": [
				{
					"type": "individual",
					"url": "https://paulmillr.com/funding/"
				}
			],
			"license": "MIT",
			"dependencies": {
				"anymatch": "~3.1.2",
				"braces": "~3.0.2",
				"glob-parent": "~5.1.2",
				"is-binary-path": "~2.1.0",
				"is-glob": "~4.0.1",
				"normalize-path": "~3.0.0",
				"readdirp": "~3.6.0"
			},
			"engines": {
				"node": ">= 8.10.0"
			},
			"optionalDependencies": {
				"fsevents": "~2.3.2"
			}
		},
		"node_modules/chokidar/node_modules/glob-parent": {
			"version": "5.1.2",
			"dev": true,
			"license": "ISC",
			"dependencies": {
				"is-glob": "^4.0.1"
			},
			"engines": {
				"node": ">= 6"
			}
		},
		"node_modules/client-only": {
			"version": "0.0.1",
			"license": "MIT"
		},
		"node_modules/clsx": {
			"version": "2.1.0",
			"license": "MIT",
			"engines": {
				"node": ">=6"
			}
		},
		"node_modules/commander": {
			"version": "4.1.1",
			"dev": true,
			"license": "MIT",
			"engines": {
				"node": ">= 6"
			}
		},
		"node_modules/compute-scroll-into-view": {
			"version": "3.1.0",
			"license": "MIT"
		},
		"node_modules/concat-map": {
			"version": "0.0.1",
			"dev": true,
			"license": "MIT"
		},
		"node_modules/core-util-is": {
			"version": "1.0.3",
			"license": "MIT"
		},
		"node_modules/cssesc": {
			"version": "3.0.0",
			"dev": true,
			"license": "MIT",
			"bin": {
				"cssesc": "bin/cssesc"
			},
			"engines": {
				"node": ">=4"
			}
		},
		"node_modules/csstype": {
			"version": "3.1.3",
			"dev": true,
			"license": "MIT"
		},
		"node_modules/debug": {
			"version": "4.3.4",
			"license": "MIT",
			"dependencies": {
				"ms": "2.1.2"
			},
			"engines": {
				"node": ">=6.0"
			},
			"peerDependenciesMeta": {
				"supports-color": {
					"optional": true
				}
			}
		},
		"node_modules/decompress-response": {
			"version": "7.0.0",
			"license": "MIT",
			"dependencies": {
				"mimic-response": "^3.1.0"
			},
			"engines": {
				"node": ">=10"
			},
			"funding": {
				"url": "https://github.com/sponsors/sindresorhus"
			}
		},
		"node_modules/didyoumean": {
			"version": "1.2.2",
			"dev": true,
			"license": "Apache-2.0"
		},
		"node_modules/dlv": {
			"version": "1.1.3",
			"dev": true,
			"license": "MIT"
		},
		"node_modules/electron-to-chromium": {
			"version": "1.4.718",
			"dev": true,
			"license": "ISC"
		},
		"node_modules/escalade": {
			"version": "3.1.1",
			"dev": true,
			"license": "MIT",
			"engines": {
				"node": ">=6"
			}
		},
		"node_modules/event-source-polyfill": {
			"version": "1.0.31",
			"license": "MIT"
		},
		"node_modules/eventsource": {
			"version": "2.0.2",
			"license": "MIT",
			"engines": {
				"node": ">=12.0.0"
			}
		},
		"node_modules/fast-glob": {
			"version": "3.3.2",
			"dev": true,
			"license": "MIT",
			"dependencies": {
				"@nodelib/fs.stat": "^2.0.2",
				"@nodelib/fs.walk": "^1.2.3",
				"glob-parent": "^5.1.2",
				"merge2": "^1.3.0",
				"micromatch": "^4.0.4"
			},
			"engines": {
				"node": ">=8.6.0"
			}
		},
		"node_modules/fast-glob/node_modules/glob-parent": {
			"version": "5.1.2",
			"dev": true,
			"license": "ISC",
			"dependencies": {
				"is-glob": "^4.0.1"
			},
			"engines": {
				"node": ">= 6"
			}
		},
		"node_modules/fastq": {
			"version": "1.16.0",
			"dev": true,
			"license": "ISC",
			"dependencies": {
				"reusify": "^1.0.4"
			}
		},
		"node_modules/fill-range": {
			"version": "7.0.1",
			"dev": true,
			"license": "MIT",
			"dependencies": {
				"to-regex-range": "^5.0.1"
			},
			"engines": {
				"node": ">=8"
			}
		},
		"node_modules/follow-redirects": {
			"version": "1.15.6",
			"funding": [
				{
					"type": "individual",
					"url": "https://github.com/sponsors/RubenVerborgh"
				}
			],
			"license": "MIT",
			"engines": {
				"node": ">=4.0"
			},
			"peerDependenciesMeta": {
				"debug": {
					"optional": true
				}
			}
		},
		"node_modules/fraction.js": {
			"version": "4.3.7",
			"dev": true,
			"license": "MIT",
			"engines": {
				"node": "*"
			},
			"funding": {
				"type": "patreon",
				"url": "https://github.com/sponsors/rawify"
			}
		},
		"node_modules/from2": {
			"version": "2.3.0",
			"license": "MIT",
			"dependencies": {
				"inherits": "^2.0.1",
				"readable-stream": "^2.0.0"
			}
		},
		"node_modules/fs.realpath": {
			"version": "1.0.0",
			"dev": true,
			"license": "ISC"
		},
		"node_modules/fsevents": {
			"version": "2.3.3",
			"dev": true,
			"license": "MIT",
			"optional": true,
			"os": [
				"darwin"
			],
			"engines": {
				"node": "^8.16.0 || ^10.6.0 || >=11.0.0"
			}
		},
		"node_modules/function-bind": {
			"version": "1.1.2",
			"dev": true,
			"license": "MIT",
			"funding": {
				"url": "https://github.com/sponsors/ljharb"
			}
		},
		"node_modules/get-it": {
			"version": "8.4.21",
			"resolved": "https://registry.npmjs.org/get-it/-/get-it-8.4.21.tgz",
			"integrity": "sha512-QKMQ0k3PLR/jEOm9ZEaQZaFNahewbYLV2U4WMRqyAriJn+rPfw4K0VMjYGse8L6rgosA2kw+gGxHmhPqKAxKSQ==",
			"dependencies": {
				"debug": "^4.3.4",
				"decompress-response": "^7.0.0",
				"follow-redirects": "^1.15.6",
				"into-stream": "^6.0.0",
				"is-plain-object": "^5.0.0",
				"is-retry-allowed": "^2.2.0",
				"is-stream": "^2.0.1",
				"parse-headers": "^2.0.5",
				"progress-stream": "^2.0.0",
				"tunnel-agent": "^0.6.0"
			},
			"engines": {
				"node": ">=14.0.0"
			}
		},
		"node_modules/glob": {
			"version": "7.1.6",
			"dev": true,
			"license": "ISC",
			"dependencies": {
				"fs.realpath": "^1.0.0",
				"inflight": "^1.0.4",
				"inherits": "2",
				"minimatch": "^3.0.4",
				"once": "^1.3.0",
				"path-is-absolute": "^1.0.0"
			},
			"engines": {
				"node": "*"
			},
			"funding": {
				"url": "https://github.com/sponsors/isaacs"
			}
		},
		"node_modules/glob-parent": {
			"version": "6.0.2",
			"dev": true,
			"license": "ISC",
			"dependencies": {
				"is-glob": "^4.0.3"
			},
			"engines": {
				"node": ">=10.13.0"
			}
		},
		"node_modules/graceful-fs": {
			"version": "4.2.11",
			"license": "ISC"
		},
		"node_modules/groq": {
			"version": "3.37.2",
			"resolved": "https://registry.npmjs.org/groq/-/groq-3.37.2.tgz",
			"integrity": "sha512-0cVdTrpLMncdjWACKJGest5TtXdzEydeOhVakVywErj7emZPJKKo8T27rIvqrh/rrqDFukxDDuDXmzdOvhJ9mg==",
			"engines": {
				"node": ">=18"
			}
		},
		"node_modules/hasown": {
			"version": "2.0.0",
			"dev": true,
			"license": "MIT",
			"dependencies": {
				"function-bind": "^1.1.2"
			},
			"engines": {
				"node": ">= 0.4"
			}
		},
		"node_modules/history": {
			"version": "5.3.0",
			"license": "MIT",
			"dependencies": {
				"@babel/runtime": "^7.7.6"
			}
		},
		"node_modules/inflight": {
			"version": "1.0.6",
			"dev": true,
			"license": "ISC",
			"dependencies": {
				"once": "^1.3.0",
				"wrappy": "1"
			}
		},
		"node_modules/inherits": {
			"version": "2.0.4",
			"license": "ISC"
		},
		"node_modules/into-stream": {
			"version": "6.0.0",
			"license": "MIT",
			"dependencies": {
				"from2": "^2.3.0",
				"p-is-promise": "^3.0.0"
			},
			"engines": {
				"node": ">=10"
			},
			"funding": {
				"url": "https://github.com/sponsors/sindresorhus"
			}
		},
		"node_modules/is-binary-path": {
			"version": "2.1.0",
			"dev": true,
			"license": "MIT",
			"dependencies": {
				"binary-extensions": "^2.0.0"
			},
			"engines": {
				"node": ">=8"
			}
		},
		"node_modules/is-core-module": {
			"version": "2.13.1",
			"dev": true,
			"license": "MIT",
			"dependencies": {
				"hasown": "^2.0.0"
			},
			"funding": {
				"url": "https://github.com/sponsors/ljharb"
			}
		},
		"node_modules/is-extglob": {
			"version": "2.1.1",
			"dev": true,
			"license": "MIT",
			"engines": {
				"node": ">=0.10.0"
			}
		},
		"node_modules/is-glob": {
			"version": "4.0.3",
			"dev": true,
			"license": "MIT",
			"dependencies": {
				"is-extglob": "^2.1.1"
			},
			"engines": {
				"node": ">=0.10.0"
			}
		},
		"node_modules/is-number": {
			"version": "7.0.0",
			"dev": true,
			"license": "MIT",
			"engines": {
				"node": ">=0.12.0"
			}
		},
		"node_modules/is-plain-object": {
			"version": "5.0.0",
			"license": "MIT",
			"engines": {
				"node": ">=0.10.0"
			}
		},
		"node_modules/is-retry-allowed": {
			"version": "2.2.0",
			"license": "MIT",
			"engines": {
				"node": ">=10"
			},
			"funding": {
				"url": "https://github.com/sponsors/sindresorhus"
			}
		},
		"node_modules/is-stream": {
			"version": "2.0.1",
			"license": "MIT",
			"engines": {
				"node": ">=8"
			},
			"funding": {
				"url": "https://github.com/sponsors/sindresorhus"
			}
		},
		"node_modules/isarray": {
			"version": "1.0.0",
			"license": "MIT"
		},
		"node_modules/jiti": {
			"version": "1.21.0",
			"dev": true,
			"license": "MIT",
			"bin": {
				"jiti": "bin/jiti.js"
			}
		},
		"node_modules/js-tokens": {
			"version": "4.0.0",
			"license": "MIT"
		},
		"node_modules/lilconfig": {
			"version": "2.1.0",
			"dev": true,
			"license": "MIT",
			"engines": {
				"node": ">=10"
			}
		},
		"node_modules/lines-and-columns": {
			"version": "1.2.4",
			"dev": true,
			"license": "MIT"
		},
		"node_modules/loose-envify": {
			"version": "1.4.0",
			"license": "MIT",
			"dependencies": {
				"js-tokens": "^3.0.0 || ^4.0.0"
			},
			"bin": {
				"loose-envify": "cli.js"
			}
		},
		"node_modules/lru-cache": {
			"version": "10.2.0",
			"license": "ISC",
			"engines": {
				"node": "14 || >=16.14"
			}
		},
		"node_modules/mendoza": {
			"version": "3.0.6",
			"license": "MIT",
			"engines": {
				"node": ">=14.18"
			}
		},
		"node_modules/merge2": {
			"version": "1.4.1",
			"dev": true,
			"license": "MIT",
			"engines": {
				"node": ">= 8"
			}
		},
		"node_modules/micromatch": {
			"version": "4.0.5",
			"dev": true,
			"license": "MIT",
			"dependencies": {
				"braces": "^3.0.2",
				"picomatch": "^2.3.1"
			},
			"engines": {
				"node": ">=8.6"
			}
		},
		"node_modules/mimic-response": {
			"version": "3.1.0",
			"license": "MIT",
			"engines": {
				"node": ">=10"
			},
			"funding": {
				"url": "https://github.com/sponsors/sindresorhus"
			}
		},
		"node_modules/minimatch": {
			"version": "3.1.2",
			"dev": true,
			"license": "ISC",
			"dependencies": {
				"brace-expansion": "^1.1.7"
			},
			"engines": {
				"node": "*"
			}
		},
		"node_modules/ms": {
			"version": "2.1.2",
			"license": "MIT"
		},
		"node_modules/mz": {
			"version": "2.7.0",
			"dev": true,
			"license": "MIT",
			"dependencies": {
				"any-promise": "^1.0.0",
				"object-assign": "^4.0.1",
				"thenify-all": "^1.0.0"
			}
		},
		"node_modules/nanoid": {
			"version": "3.3.7",
			"funding": [
				{
					"type": "github",
					"url": "https://github.com/sponsors/ai"
				}
			],
			"license": "MIT",
			"bin": {
				"nanoid": "bin/nanoid.cjs"
			},
			"engines": {
				"node": "^10 || ^12 || ^13.7 || ^14 || >=15.0.1"
			}
		},
		"node_modules/next": {
			"version": "14.2.1",
			"resolved": "https://registry.npmjs.org/next/-/next-14.2.1.tgz",
			"integrity": "sha512-SF3TJnKdH43PMkCcErLPv+x/DY1YCklslk3ZmwaVoyUfDgHKexuKlf9sEfBQ69w+ue8jQ3msLb+hSj1T19hGag==",
			"dependencies": {
				"@next/env": "14.2.1",
				"@swc/helpers": "0.5.5",
				"busboy": "1.6.0",
				"caniuse-lite": "^1.0.30001579",
				"graceful-fs": "^4.2.11",
				"postcss": "8.4.31",
				"styled-jsx": "5.1.1"
			},
			"bin": {
				"next": "dist/bin/next"
			},
			"engines": {
				"node": ">=18.17.0"
			},
			"optionalDependencies": {
				"@next/swc-darwin-arm64": "14.2.1",
				"@next/swc-darwin-x64": "14.2.1",
				"@next/swc-linux-arm64-gnu": "14.2.1",
				"@next/swc-linux-arm64-musl": "14.2.1",
				"@next/swc-linux-x64-gnu": "14.2.1",
				"@next/swc-linux-x64-musl": "14.2.1",
				"@next/swc-win32-arm64-msvc": "14.2.1",
				"@next/swc-win32-ia32-msvc": "14.2.1",
				"@next/swc-win32-x64-msvc": "14.2.1"
			},
			"peerDependencies": {
				"@opentelemetry/api": "^1.1.0",
				"@playwright/test": "^1.41.2",
				"react": "^18.2.0",
				"react-dom": "^18.2.0",
				"sass": "^1.3.0"
			},
			"peerDependenciesMeta": {
				"@opentelemetry/api": {
					"optional": true
				},
				"@playwright/test": {
					"optional": true
				},
				"sass": {
					"optional": true
				}
			}
		},
		"node_modules/next-sanity": {
			"version": "9.0.2",
			"resolved": "https://registry.npmjs.org/next-sanity/-/next-sanity-9.0.2.tgz",
			"integrity": "sha512-Rpdb5vDmG8/WfjDHW88I2d+1KIKdUKNNzSHTrKcIzBpih3sKOJUIbUcQ+5PG6H4ha+SDocPdCHnvVcNfXLRfUA==",
			"dependencies": {
				"@portabletext/react": "^3.0.18",
				"@sanity/client": "^6.15.13",
				"@sanity/preview-kit": "5.0.41",
				"@sanity/visual-editing": "1.8.8",
				"@sanity/webhook": "4.0.2-bc",
				"groq": "^3.37.1",
				"history": "^5.3.0"
			},
			"engines": {
				"node": ">=18.17"
			},
			"peerDependencies": {
				"@sanity/client": "^6.15.13",
				"@sanity/icons": "^2.11.3",
				"@sanity/types": "^3.37.1",
				"@sanity/ui": "^2.0.11",
				"next": "^14.1 || >=14.2.0-canary.0 <14.2.0",
				"react": "^18.2",
				"sanity": "^3.37.1",
				"styled-components": "^6.1"
			}
		},
		"node_modules/next-sanity-image": {
			"version": "6.1.1",
			"license": "MIT",
			"dependencies": {
				"@sanity/image-url": "^1.0.2"
			},
			"peerDependencies": {
				"@sanity/client": "^5.0.0 || ^6.0.0",
				"next": "^13.0.0 || ^14.0.0",
				"react": "^18.0.0"
			}
		},
		"node_modules/next/node_modules/postcss": {
			"version": "8.4.31",
			"funding": [
				{
					"type": "opencollective",
					"url": "https://opencollective.com/postcss/"
				},
				{
					"type": "tidelift",
					"url": "https://tidelift.com/funding/github/npm/postcss"
				},
				{
					"type": "github",
					"url": "https://github.com/sponsors/ai"
				}
			],
			"license": "MIT",
			"dependencies": {
				"nanoid": "^3.3.6",
				"picocolors": "^1.0.0",
				"source-map-js": "^1.0.2"
			},
			"engines": {
				"node": "^10 || ^12 || >=14"
			}
		},
		"node_modules/node-releases": {
			"version": "2.0.14",
			"dev": true,
			"license": "MIT"
		},
		"node_modules/normalize-path": {
			"version": "3.0.0",
			"dev": true,
			"license": "MIT",
			"engines": {
				"node": ">=0.10.0"
			}
		},
		"node_modules/normalize-range": {
			"version": "0.1.2",
			"dev": true,
			"license": "MIT",
			"engines": {
				"node": ">=0.10.0"
			}
		},
		"node_modules/object-assign": {
			"version": "4.1.1",
			"dev": true,
			"license": "MIT",
			"engines": {
				"node": ">=0.10.0"
			}
		},
		"node_modules/object-hash": {
			"version": "3.0.0",
			"dev": true,
			"license": "MIT",
			"engines": {
				"node": ">= 6"
			}
		},
		"node_modules/once": {
			"version": "1.4.0",
			"dev": true,
			"license": "ISC",
			"dependencies": {
				"wrappy": "1"
			}
		},
		"node_modules/p-is-promise": {
			"version": "3.0.0",
			"license": "MIT",
			"engines": {
				"node": ">=8"
			}
		},
		"node_modules/parse-headers": {
			"version": "2.0.5",
			"license": "MIT"
		},
		"node_modules/path-is-absolute": {
			"version": "1.0.1",
			"dev": true,
			"license": "MIT",
			"engines": {
				"node": ">=0.10.0"
			}
		},
		"node_modules/path-parse": {
			"version": "1.0.7",
			"dev": true,
			"license": "MIT"
		},
		"node_modules/picocolors": {
			"version": "1.0.0",
			"license": "ISC"
		},
		"node_modules/picomatch": {
			"version": "2.3.1",
			"dev": true,
			"license": "MIT",
			"engines": {
				"node": ">=8.6"
			},
			"funding": {
				"url": "https://github.com/sponsors/jonschlinkert"
			}
		},
		"node_modules/pify": {
			"version": "2.3.0",
			"dev": true,
			"license": "MIT",
			"engines": {
				"node": ">=0.10.0"
			}
		},
		"node_modules/pirates": {
			"version": "4.0.6",
			"dev": true,
			"license": "MIT",
			"engines": {
				"node": ">= 6"
			}
		},
		"node_modules/postcss": {
			"version": "8.4.38",
			"dev": true,
			"funding": [
				{
					"type": "opencollective",
					"url": "https://opencollective.com/postcss/"
				},
				{
					"type": "tidelift",
					"url": "https://tidelift.com/funding/github/npm/postcss"
				},
				{
					"type": "github",
					"url": "https://github.com/sponsors/ai"
				}
			],
			"license": "MIT",
			"dependencies": {
				"nanoid": "^3.3.7",
				"picocolors": "^1.0.0",
				"source-map-js": "^1.2.0"
			},
			"engines": {
				"node": "^10 || ^12 || >=14"
			}
		},
		"node_modules/postcss-import": {
			"version": "15.1.0",
			"dev": true,
			"license": "MIT",
			"dependencies": {
				"postcss-value-parser": "^4.0.0",
				"read-cache": "^1.0.0",
				"resolve": "^1.1.7"
			},
			"engines": {
				"node": ">=14.0.0"
			},
			"peerDependencies": {
				"postcss": "^8.0.0"
			}
		},
		"node_modules/postcss-js": {
			"version": "4.0.1",
			"dev": true,
			"license": "MIT",
			"dependencies": {
				"camelcase-css": "^2.0.1"
			},
			"engines": {
				"node": "^12 || ^14 || >= 16"
			},
			"funding": {
				"type": "opencollective",
				"url": "https://opencollective.com/postcss/"
			},
			"peerDependencies": {
				"postcss": "^8.4.21"
			}
		},
		"node_modules/postcss-load-config": {
			"version": "4.0.2",
			"dev": true,
			"funding": [
				{
					"type": "opencollective",
					"url": "https://opencollective.com/postcss/"
				},
				{
					"type": "github",
					"url": "https://github.com/sponsors/ai"
				}
			],
			"license": "MIT",
			"dependencies": {
				"lilconfig": "^3.0.0",
				"yaml": "^2.3.4"
			},
			"engines": {
				"node": ">= 14"
			},
			"peerDependencies": {
				"postcss": ">=8.0.9",
				"ts-node": ">=9.0.0"
			},
			"peerDependenciesMeta": {
				"postcss": {
					"optional": true
				},
				"ts-node": {
					"optional": true
				}
			}
		},
		"node_modules/postcss-load-config/node_modules/lilconfig": {
			"version": "3.0.0",
			"dev": true,
			"license": "MIT",
			"engines": {
				"node": ">=14"
			}
		},
		"node_modules/postcss-nested": {
			"version": "6.0.1",
			"dev": true,
			"license": "MIT",
			"dependencies": {
				"postcss-selector-parser": "^6.0.11"
			},
			"engines": {
				"node": ">=12.0"
			},
			"funding": {
				"type": "opencollective",
				"url": "https://opencollective.com/postcss/"
			},
			"peerDependencies": {
				"postcss": "^8.2.14"
			}
		},
		"node_modules/postcss-selector-parser": {
			"version": "6.0.13",
			"dev": true,
			"license": "MIT",
			"dependencies": {
				"cssesc": "^3.0.0",
				"util-deprecate": "^1.0.2"
			},
			"engines": {
				"node": ">=4"
			}
		},
		"node_modules/postcss-value-parser": {
			"version": "4.2.0",
			"dev": true,
			"license": "MIT"
		},
		"node_modules/prettier": {
			"version": "3.2.5",
			"dev": true,
			"license": "MIT",
			"bin": {
				"prettier": "bin/prettier.cjs"
			},
			"engines": {
				"node": ">=14"
			},
			"funding": {
				"url": "https://github.com/prettier/prettier?sponsor=1"
			}
		},
		"node_modules/prettier-plugin-tailwindcss": {
			"version": "0.5.13",
			"license": "MIT",
			"engines": {
				"node": ">=14.21.3"
			},
			"peerDependencies": {
				"@ianvs/prettier-plugin-sort-imports": "*",
				"@prettier/plugin-pug": "*",
				"@shopify/prettier-plugin-liquid": "*",
				"@trivago/prettier-plugin-sort-imports": "*",
				"@zackad/prettier-plugin-twig-melody": "*",
				"prettier": "^3.0",
				"prettier-plugin-astro": "*",
				"prettier-plugin-css-order": "*",
				"prettier-plugin-import-sort": "*",
				"prettier-plugin-jsdoc": "*",
				"prettier-plugin-marko": "*",
				"prettier-plugin-organize-attributes": "*",
				"prettier-plugin-organize-imports": "*",
				"prettier-plugin-sort-imports": "*",
				"prettier-plugin-style-order": "*",
				"prettier-plugin-svelte": "*"
			},
			"peerDependenciesMeta": {
				"@ianvs/prettier-plugin-sort-imports": {
					"optional": true
				},
				"@prettier/plugin-pug": {
					"optional": true
				},
				"@shopify/prettier-plugin-liquid": {
					"optional": true
				},
				"@trivago/prettier-plugin-sort-imports": {
					"optional": true
				},
				"@zackad/prettier-plugin-twig-melody": {
					"optional": true
				},
				"prettier-plugin-astro": {
					"optional": true
				},
				"prettier-plugin-css-order": {
					"optional": true
				},
				"prettier-plugin-import-sort": {
					"optional": true
				},
				"prettier-plugin-jsdoc": {
					"optional": true
				},
				"prettier-plugin-marko": {
					"optional": true
				},
				"prettier-plugin-organize-attributes": {
					"optional": true
				},
				"prettier-plugin-organize-imports": {
					"optional": true
				},
				"prettier-plugin-sort-imports": {
					"optional": true
				},
				"prettier-plugin-style-order": {
					"optional": true
				},
				"prettier-plugin-svelte": {
					"optional": true
				}
			}
		},
		"node_modules/process-nextick-args": {
			"version": "2.0.1",
			"license": "MIT"
		},
		"node_modules/progress-stream": {
			"version": "2.0.0",
			"license": "BSD-2-Clause",
			"dependencies": {
				"speedometer": "~1.0.0",
				"through2": "~2.0.3"
			}
		},
		"node_modules/queue-microtask": {
			"version": "1.2.3",
			"dev": true,
			"funding": [
				{
					"type": "github",
					"url": "https://github.com/sponsors/feross"
				},
				{
					"type": "patreon",
					"url": "https://www.patreon.com/feross"
				},
				{
					"type": "consulting",
					"url": "https://feross.org/support"
				}
			],
			"license": "MIT"
		},
		"node_modules/react": {
			"version": "18.2.0",
			"license": "MIT",
			"dependencies": {
				"loose-envify": "^1.1.0"
			},
			"engines": {
				"node": ">=0.10.0"
			}
		},
		"node_modules/react-device-detect": {
			"version": "2.2.3",
			"license": "MIT",
			"dependencies": {
				"ua-parser-js": "^1.0.33"
			},
			"peerDependencies": {
				"react": ">= 0.14.0",
				"react-dom": ">= 0.14.0"
			}
		},
		"node_modules/react-dom": {
			"version": "18.2.0",
			"license": "MIT",
			"dependencies": {
				"loose-envify": "^1.1.0",
				"scheduler": "^0.23.0"
			},
			"peerDependencies": {
				"react": "^18.2.0"
			}
		},
		"node_modules/react-fast-compare": {
			"version": "3.2.2",
			"license": "MIT"
		},
		"node_modules/react-icons": {
			"version": "5.0.1",
			"resolved": "https://registry.npmjs.org/react-icons/-/react-icons-5.0.1.tgz",
			"integrity": "sha512-WqLZJ4bLzlhmsvme6iFdgO8gfZP17rfjYEJ2m9RsZjZ+cc4k1hTzknEz63YS1MeT50kVzoa1Nz36f4BEx+Wigw==",
			"peerDependencies": {
				"react": "*"
			}
		},
		"node_modules/react-is": {
			"version": "18.2.0",
			"license": "MIT"
		},
		"node_modules/read-cache": {
			"version": "1.0.0",
			"dev": true,
			"license": "MIT",
			"dependencies": {
				"pify": "^2.3.0"
			}
		},
		"node_modules/readable-stream": {
			"version": "2.3.8",
			"license": "MIT",
			"dependencies": {
				"core-util-is": "~1.0.0",
				"inherits": "~2.0.3",
				"isarray": "~1.0.0",
				"process-nextick-args": "~2.0.0",
				"safe-buffer": "~5.1.1",
				"string_decoder": "~1.1.1",
				"util-deprecate": "~1.0.1"
			}
		},
		"node_modules/readdirp": {
			"version": "3.6.0",
			"dev": true,
			"license": "MIT",
			"dependencies": {
				"picomatch": "^2.2.1"
			},
			"engines": {
				"node": ">=8.10.0"
			}
		},
		"node_modules/regenerator-runtime": {
			"version": "0.14.1",
			"license": "MIT"
		},
		"node_modules/resolve": {
			"version": "1.22.8",
			"dev": true,
			"license": "MIT",
			"dependencies": {
				"is-core-module": "^2.13.0",
				"path-parse": "^1.0.7",
				"supports-preserve-symlinks-flag": "^1.0.0"
			},
			"bin": {
				"resolve": "bin/resolve"
			},
			"funding": {
				"url": "https://github.com/sponsors/ljharb"
			}
		},
		"node_modules/reusify": {
			"version": "1.0.4",
			"dev": true,
			"license": "MIT",
			"engines": {
				"iojs": ">=1.0.0",
				"node": ">=0.10.0"
			}
		},
		"node_modules/run-parallel": {
			"version": "1.2.0",
			"dev": true,
			"funding": [
				{
					"type": "github",
					"url": "https://github.com/sponsors/feross"
				},
				{
					"type": "patreon",
					"url": "https://www.patreon.com/feross"
				},
				{
					"type": "consulting",
					"url": "https://feross.org/support"
				}
			],
			"license": "MIT",
			"dependencies": {
				"queue-microtask": "^1.2.2"
			}
		},
		"node_modules/rxjs": {
			"version": "7.8.1",
			"license": "Apache-2.0",
			"dependencies": {
				"tslib": "^2.1.0"
			}
		},
		"node_modules/safe-buffer": {
			"version": "5.1.2",
			"license": "MIT"
		},
		"node_modules/scheduler": {
			"version": "0.23.0",
			"license": "MIT",
			"dependencies": {
				"loose-envify": "^1.1.0"
			}
		},
		"node_modules/scroll-into-view-if-needed": {
			"version": "3.1.0",
			"license": "MIT",
			"dependencies": {
				"compute-scroll-into-view": "^3.0.2"
			}
		},
		"node_modules/source-map-js": {
			"version": "1.2.0",
			"license": "BSD-3-Clause",
			"engines": {
				"node": ">=0.10.0"
			}
		},
		"node_modules/speedometer": {
			"version": "1.0.0",
			"license": "MIT"
		},
		"node_modules/streamsearch": {
			"version": "1.1.0",
			"engines": {
				"node": ">=10.0.0"
			}
		},
		"node_modules/string_decoder": {
			"version": "1.1.1",
			"license": "MIT",
			"dependencies": {
				"safe-buffer": "~5.1.0"
			}
		},
		"node_modules/styled-jsx": {
			"version": "5.1.1",
			"license": "MIT",
			"dependencies": {
				"client-only": "0.0.1"
			},
			"engines": {
				"node": ">= 12.0.0"
			},
			"peerDependencies": {
				"react": ">= 16.8.0 || 17.x.x || ^18.0.0-0"
			},
			"peerDependenciesMeta": {
				"@babel/core": {
					"optional": true
				},
				"babel-plugin-macros": {
					"optional": true
				}
			}
		},
		"node_modules/sucrase": {
			"version": "3.34.0",
			"dev": true,
			"license": "MIT",
			"dependencies": {
				"@jridgewell/gen-mapping": "^0.3.2",
				"commander": "^4.0.0",
				"glob": "7.1.6",
				"lines-and-columns": "^1.1.6",
				"mz": "^2.7.0",
				"pirates": "^4.0.1",
				"ts-interface-checker": "^0.1.9"
			},
			"bin": {
				"sucrase": "bin/sucrase",
				"sucrase-node": "bin/sucrase-node"
			},
			"engines": {
				"node": ">=8"
			}
		},
		"node_modules/supports-preserve-symlinks-flag": {
			"version": "1.0.0",
			"dev": true,
			"license": "MIT",
			"engines": {
				"node": ">= 0.4"
			},
			"funding": {
				"url": "https://github.com/sponsors/ljharb"
			}
		},
		"node_modules/tailwind-merge": {
			"version": "2.2.2",
			"license": "MIT",
			"dependencies": {
				"@babel/runtime": "^7.24.0"
			},
			"funding": {
				"type": "github",
				"url": "https://github.com/sponsors/dcastil"
			}
		},
		"node_modules/tailwindcss": {
			"version": "3.4.3",
			"dev": true,
			"license": "MIT",
			"dependencies": {
				"@alloc/quick-lru": "^5.2.0",
				"arg": "^5.0.2",
				"chokidar": "^3.5.3",
				"didyoumean": "^1.2.2",
				"dlv": "^1.1.3",
				"fast-glob": "^3.3.0",
				"glob-parent": "^6.0.2",
				"is-glob": "^4.0.3",
				"jiti": "^1.21.0",
				"lilconfig": "^2.1.0",
				"micromatch": "^4.0.5",
				"normalize-path": "^3.0.0",
				"object-hash": "^3.0.0",
				"picocolors": "^1.0.0",
				"postcss": "^8.4.23",
				"postcss-import": "^15.1.0",
				"postcss-js": "^4.0.1",
				"postcss-load-config": "^4.0.1",
				"postcss-nested": "^6.0.1",
				"postcss-selector-parser": "^6.0.11",
				"resolve": "^1.22.2",
				"sucrase": "^3.32.0"
			},
			"bin": {
				"tailwind": "lib/cli.js",
				"tailwindcss": "lib/cli.js"
			},
			"engines": {
				"node": ">=14.0.0"
			}
		},
		"node_modules/thenify": {
			"version": "3.3.1",
			"dev": true,
			"license": "MIT",
			"dependencies": {
				"any-promise": "^1.0.0"
			}
		},
		"node_modules/thenify-all": {
			"version": "1.6.0",
			"dev": true,
			"license": "MIT",
			"dependencies": {
				"thenify": ">= 3.1.0 < 4"
			},
			"engines": {
				"node": ">=0.8"
			}
		},
		"node_modules/third-party-capital": {
			"version": "1.0.20",
			"license": "ISC"
		},
		"node_modules/through2": {
			"version": "2.0.5",
			"license": "MIT",
			"dependencies": {
				"readable-stream": "~2.3.6",
				"xtend": "~4.0.1"
			}
		},
		"node_modules/to-regex-range": {
			"version": "5.0.1",
			"dev": true,
			"license": "MIT",
			"dependencies": {
				"is-number": "^7.0.0"
			},
			"engines": {
				"node": ">=8.0"
			}
		},
		"node_modules/ts-interface-checker": {
			"version": "0.1.13",
			"dev": true,
			"license": "Apache-2.0"
		},
		"node_modules/tslib": {
			"version": "2.6.2",
			"license": "0BSD"
		},
		"node_modules/tunnel-agent": {
			"version": "0.6.0",
			"license": "Apache-2.0",
			"dependencies": {
				"safe-buffer": "^5.0.1"
			},
			"engines": {
				"node": "*"
			}
		},
		"node_modules/typescript": {
			"version": "5.4.5",
			"resolved": "https://registry.npmjs.org/typescript/-/typescript-5.4.5.tgz",
			"integrity": "sha512-vcI4UpRgg81oIRUFwR0WSIHKt11nJ7SAVlYNIu+QpqeyXP+gpQJy/Z4+F0aGxSE4MqwjyXvW/TzgkLAx2AGHwQ==",
			"dev": true,
			"bin": {
				"tsc": "bin/tsc",
				"tsserver": "bin/tsserver"
			},
			"engines": {
				"node": ">=14.17"
			}
		},
		"node_modules/ua-parser-js": {
			"version": "1.0.37",
			"funding": [
				{
					"type": "opencollective",
					"url": "https://opencollective.com/ua-parser-js"
				},
				{
					"type": "paypal",
					"url": "https://paypal.me/faisalman"
				},
				{
					"type": "github",
					"url": "https://github.com/sponsors/faisalman"
				}
			],
			"license": "MIT",
			"engines": {
				"node": "*"
			}
		},
		"node_modules/undici-types": {
			"version": "5.26.5",
			"dev": true,
			"license": "MIT"
		},
		"node_modules/update-browserslist-db": {
			"version": "1.0.13",
			"dev": true,
			"funding": [
				{
					"type": "opencollective",
					"url": "https://opencollective.com/browserslist"
				},
				{
					"type": "tidelift",
					"url": "https://tidelift.com/funding/github/npm/browserslist"
				},
				{
					"type": "github",
					"url": "https://github.com/sponsors/ai"
				}
			],
			"license": "MIT",
			"dependencies": {
				"escalade": "^3.1.1",
				"picocolors": "^1.0.0"
			},
			"bin": {
				"update-browserslist-db": "cli.js"
			},
			"peerDependencies": {
				"browserslist": ">= 4.21.0"
			}
		},
		"node_modules/use-sync-external-store": {
			"version": "1.2.0",
			"license": "MIT",
			"peerDependencies": {
				"react": "^16.8.0 || ^17.0.0 || ^18.0.0"
			}
		},
		"node_modules/util-deprecate": {
			"version": "1.0.2",
			"license": "MIT"
		},
		"node_modules/uuid": {
			"version": "8.3.2",
			"license": "MIT",
			"bin": {
				"uuid": "dist/bin/uuid"
			}
		},
		"node_modules/valibot": {
			"version": "0.30.0",
			"resolved": "https://registry.npmjs.org/valibot/-/valibot-0.30.0.tgz",
			"integrity": "sha512-5POBdbSkM+3nvJ6ZlyQHsggisfRtyT4tVTo1EIIShs6qCdXJnyWU5TJ68vr8iTg5zpOLjXLRiBqNx+9zwZz/rA=="
		},
		"node_modules/wrappy": {
			"version": "1.0.2",
			"dev": true,
			"license": "ISC"
		},
		"node_modules/xtend": {
			"version": "4.0.2",
			"license": "MIT",
			"engines": {
				"node": ">=0.4"
			}
		},
		"node_modules/yaml": {
			"version": "2.3.4",
			"dev": true,
			"license": "ISC",
			"engines": {
				"node": ">= 14"
			}
		}
	}
}
